<?xml version="1.0" encoding="UTF-8"?>
<!DOCTYPE plist PUBLIC "-//Apple//DTD PLIST 1.0//EN" "http://www.apple.com/DTDs/PropertyList-1.0.dtd">
<plist version="1.0">
<dict>
	<key>archiveVersion</key>
	<string>1</string>
	<key>classes</key>
	<dict/>
	<key>objectVersion</key>
	<string>46</string>
	<key>objects</key>
	<dict>
		<key>035610432AE3B52599CA361A</key>
		<dict>
			<key>buildActionMask</key>
			<string>2147483647</string>
			<key>files</key>
			<array/>
			<key>inputPaths</key>
			<array/>
			<key>isa</key>
			<string>PBXShellScriptBuildPhase</string>
			<key>name</key>
			<string>Check Pods Manifest.lock</string>
			<key>outputPaths</key>
			<array/>
			<key>runOnlyForDeploymentPostprocessing</key>
			<string>0</string>
			<key>shellPath</key>
			<string>/bin/sh</string>
			<key>shellScript</key>
			<string>diff "${PODS_ROOT}/../Podfile.lock" "${PODS_ROOT}/Manifest.lock" &gt; /dev/null
if [[ $? != 0 ]] ; then
    cat &lt;&lt; EOM
error: The sandbox is not in sync with the Podfile.lock. Run 'pod install' or update your CocoaPods installation.
EOM
    exit 1
fi
</string>
			<key>showEnvVarsInLog</key>
			<string>0</string>
		</dict>
		<key>4701C4851B6CF59D00A265C3</key>
		<dict>
			<key>fileEncoding</key>
			<string>4</string>
			<key>isa</key>
			<string>PBXFileReference</string>
			<key>lastKnownFileType</key>
			<string>sourcecode.swift</string>
			<key>path</key>
			<string>TabBarController.swift</string>
			<key>sourceTree</key>
			<string>&lt;group&gt;</string>
		</dict>
		<key>4701C4861B6CF59D00A265C3</key>
		<dict>
			<key>fileRef</key>
			<string>4701C4851B6CF59D00A265C3</string>
			<key>isa</key>
			<string>PBXBuildFile</string>
		</dict>
		<key>4701C4891B6CFB3800A265C3</key>
		<dict>
			<key>isa</key>
			<string>PBXFileReference</string>
			<key>lastKnownFileType</key>
			<string>image.png</string>
			<key>name</key>
			<string>android-arrow-back.png</string>
			<key>path</key>
			<string>img/android-arrow-back.png</string>
			<key>sourceTree</key>
			<string>&lt;group&gt;</string>
		</dict>
		<key>4701C48A1B6CFB3800A265C3</key>
		<dict>
			<key>fileRef</key>
			<string>4701C4891B6CFB3800A265C3</string>
			<key>isa</key>
			<string>PBXBuildFile</string>
		</dict>
		<key>4701C48B1B6CFB6A00A265C3</key>
		<dict>
			<key>isa</key>
			<string>PBXFileReference</string>
			<key>lastKnownFileType</key>
			<string>image.png</string>
			<key>name</key>
			<string>dgu.png</string>
			<key>path</key>
			<string>img/dgu.png</string>
			<key>sourceTree</key>
			<string>&lt;group&gt;</string>
		</dict>
		<key>4701C48C1B6CFB6A00A265C3</key>
		<dict>
			<key>fileRef</key>
			<string>4701C48B1B6CFB6A00A265C3</string>
			<key>isa</key>
			<string>PBXBuildFile</string>
		</dict>
		<key>4703743D1B612CED00BC74BD</key>
		<dict>
			<key>children</key>
			<array>
				<string>4701C48B1B6CFB6A00A265C3</string>
				<string>4701C4891B6CFB3800A265C3</string>
			</array>
			<key>isa</key>
			<string>PBXGroup</string>
			<key>name</key>
			<string>img</string>
			<key>sourceTree</key>
			<string>&lt;group&gt;</string>
		</dict>
		<key>470374401B6282C300BC74BD</key>
		<dict>
			<key>fileEncoding</key>
			<string>4</string>
			<key>isa</key>
			<string>PBXFileReference</string>
			<key>lastKnownFileType</key>
			<string>sourcecode.swift</string>
			<key>path</key>
			<string>DisciplineTableViewCell.swift</string>
			<key>sourceTree</key>
			<string>&lt;group&gt;</string>
		</dict>
		<key>470374411B6282C300BC74BD</key>
		<dict>
			<key>fileRef</key>
			<string>470374401B6282C300BC74BD</string>
			<key>isa</key>
			<string>PBXBuildFile</string>
		</dict>
		<key>470374421B62860E00BC74BD</key>
		<dict>
			<key>fileEncoding</key>
			<string>4</string>
			<key>isa</key>
			<string>PBXFileReference</string>
			<key>lastKnownFileType</key>
			<string>sourcecode.swift</string>
			<key>path</key>
			<string>ProgressViewController.swift</string>
			<key>sourceTree</key>
			<string>&lt;group&gt;</string>
		</dict>
		<key>470374431B62860E00BC74BD</key>
		<dict>
			<key>fileRef</key>
			<string>470374421B62860E00BC74BD</string>
			<key>isa</key>
			<string>PBXBuildFile</string>
		</dict>
		<key>471B9C7E1B5CF2E10035DEAA</key>
		<dict>
			<key>fileEncoding</key>
			<string>4</string>
			<key>isa</key>
			<string>PBXFileReference</string>
			<key>lastKnownFileType</key>
			<string>sourcecode.swift</string>
			<key>path</key>
			<string>MainViewController.swift</string>
			<key>sourceTree</key>
			<string>&lt;group&gt;</string>
		</dict>
		<key>471B9C7F1B5CF2E10035DEAA</key>
		<dict>
			<key>fileRef</key>
			<string>471B9C7E1B5CF2E10035DEAA</string>
			<key>isa</key>
			<string>PBXBuildFile</string>
		</dict>
		<key>477208A51B66632800B02170</key>
		<dict>
			<key>fileEncoding</key>
			<string>4</string>
			<key>isa</key>
			<string>PBXFileReference</string>
			<key>lastKnownFileType</key>
			<string>sourcecode.swift</string>
			<key>path</key>
			<string>DataRequest.swift</string>
			<key>sourceTree</key>
			<string>&lt;group&gt;</string>
		</dict>
		<key>477208A61B66632800B02170</key>
		<dict>
			<key>fileRef</key>
			<string>477208A51B66632800B02170</string>
			<key>isa</key>
			<string>PBXBuildFile</string>
		</dict>
		<key>47F275291B57F5D400762A39</key>
		<dict>
			<key>children</key>
			<array>
				<string>47F275341B57F5D400762A39</string>
				<string>47F2754D1B57F5D400762A39</string>
				<string>47F275331B57F5D400762A39</string>
				<string>81459053E479036443E6FB32</string>
				<string>765499E247497F0A641FC0F7</string>
			</array>
			<key>isa</key>
			<string>PBXGroup</string>
			<key>sourceTree</key>
			<string>&lt;group&gt;</string>
		</dict>
		<key>47F2752A1B57F5D400762A39</key>
		<dict>
			<key>attributes</key>
			<dict>
				<key>LastSwiftUpdateCheck</key>
				<string>0720</string>
				<key>LastUpgradeCheck</key>
				<string>0730</string>
				<key>ORGANIZATIONNAME</key>
				<string>Phantom</string>
				<key>TargetAttributes</key>
				<dict>
					<key>47F275311B57F5D400762A39</key>
					<dict>
						<key>CreatedOnToolsVersion</key>
						<string>6.2</string>
					</dict>
					<key>47F275491B57F5D400762A39</key>
					<dict>
						<key>CreatedOnToolsVersion</key>
						<string>6.2</string>
						<key>TestTargetID</key>
						<string>47F275311B57F5D400762A39</string>
					</dict>
				</dict>
			</dict>
			<key>buildConfigurationList</key>
			<string>47F2752D1B57F5D400762A39</string>
			<key>compatibilityVersion</key>
			<string>Xcode 3.2</string>
			<key>developmentRegion</key>
			<string>English</string>
			<key>hasScannedForEncodings</key>
			<string>0</string>
			<key>isa</key>
			<string>PBXProject</string>
			<key>knownRegions</key>
			<array>
				<string>en</string>
				<string>Base</string>
			</array>
			<key>mainGroup</key>
			<string>47F275291B57F5D400762A39</string>
			<key>productRefGroup</key>
			<string>47F275331B57F5D400762A39</string>
			<key>projectDirPath</key>
			<string></string>
			<key>projectReferences</key>
			<array/>
			<key>projectRoot</key>
			<string></string>
			<key>targets</key>
			<array>
				<string>47F275311B57F5D400762A39</string>
				<string>47F275491B57F5D400762A39</string>
			</array>
		</dict>
		<key>47F2752D1B57F5D400762A39</key>
		<dict>
			<key>buildConfigurations</key>
			<array>
				<string>47F275521B57F5D400762A39</string>
				<string>47F275531B57F5D400762A39</string>
			</array>
			<key>defaultConfigurationIsVisible</key>
			<string>0</string>
			<key>defaultConfigurationName</key>
			<string>Release</string>
			<key>isa</key>
			<string>XCConfigurationList</string>
		</dict>
		<key>47F2752E1B57F5D400762A39</key>
		<dict>
			<key>buildActionMask</key>
			<string>2147483647</string>
			<key>files</key>
			<array>
				<string>47F2753D1B57F5D400762A39</string>
				<string>47FED6101B6F8EA70055C7F4</string>
				<string>47F275381B57F5D400762A39</string>
				<string>470374411B6282C300BC74BD</string>
				<string>4701C4861B6CF59D00A265C3</string>
				<string>470374431B62860E00BC74BD</string>
				<string>47F2753B1B57F5D400762A39</string>
				<string>471B9C7F1B5CF2E10035DEAA</string>
				<string>477208A61B66632800B02170</string>
				<string>47FED6141B6F9D0A0055C7F4</string>
			</array>
			<key>isa</key>
			<string>PBXSourcesBuildPhase</string>
			<key>runOnlyForDeploymentPostprocessing</key>
			<string>0</string>
		</dict>
		<key>47F2752F1B57F5D400762A39</key>
		<dict>
			<key>buildActionMask</key>
			<string>2147483647</string>
			<key>files</key>
			<array>
				<string>ABE6189F6D148DFA44AFDA70</string>
			</array>
			<key>isa</key>
			<string>PBXFrameworksBuildPhase</string>
			<key>runOnlyForDeploymentPostprocessing</key>
			<string>0</string>
		</dict>
		<key>47F275301B57F5D400762A39</key>
		<dict>
			<key>buildActionMask</key>
			<string>2147483647</string>
			<key>files</key>
			<array>
				<string>47F275401B57F5D400762A39</string>
				<string>47F275451B57F5D400762A39</string>
				<string>47F275421B57F5D400762A39</string>
				<string>4701C48C1B6CFB6A00A265C3</string>
				<string>4701C48A1B6CFB3800A265C3</string>
			</array>
			<key>isa</key>
			<string>PBXResourcesBuildPhase</string>
			<key>runOnlyForDeploymentPostprocessing</key>
			<string>0</string>
		</dict>
		<key>47F275311B57F5D400762A39</key>
		<dict>
			<key>buildConfigurationList</key>
			<string>47F275541B57F5D400762A39</string>
			<key>buildPhases</key>
			<array>
				<string>035610432AE3B52599CA361A</string>
				<string>47F2752E1B57F5D400762A39</string>
				<string>47F2752F1B57F5D400762A39</string>
				<string>47F275301B57F5D400762A39</string>
				<string>50FD761AA38A4BF4D2B11D4A</string>
				<string>8F704CEF28F1B0E81C613434</string>
			</array>
			<key>buildRules</key>
			<array/>
			<key>dependencies</key>
			<array/>
			<key>isa</key>
			<string>PBXNativeTarget</string>
			<key>name</key>
			<string>isu</string>
			<key>productName</key>
			<string>isu</string>
			<key>productReference</key>
			<string>47F275321B57F5D400762A39</string>
			<key>productType</key>
			<string>com.apple.product-type.application</string>
		</dict>
		<key>47F275321B57F5D400762A39</key>
		<dict>
			<key>explicitFileType</key>
			<string>wrapper.application</string>
			<key>includeInIndex</key>
			<string>0</string>
			<key>isa</key>
			<string>PBXFileReference</string>
			<key>path</key>
			<string>isu.app</string>
			<key>sourceTree</key>
			<string>BUILT_PRODUCTS_DIR</string>
		</dict>
		<key>47F275331B57F5D400762A39</key>
		<dict>
			<key>children</key>
			<array>
				<string>47F275321B57F5D400762A39</string>
				<string>47F2754A1B57F5D400762A39</string>
			</array>
			<key>isa</key>
			<string>PBXGroup</string>
			<key>name</key>
			<string>Products</string>
			<key>sourceTree</key>
			<string>&lt;group&gt;</string>
		</dict>
		<key>47F275341B57F5D400762A39</key>
		<dict>
			<key>children</key>
			<array>
				<string>4703743D1B612CED00BC74BD</string>
				<string>47F275371B57F5D400762A39</string>
				<string>47FED6131B6F9D0A0055C7F4</string>
				<string>47F2753C1B57F5D400762A39</string>
				<string>477208A51B66632800B02170</string>
				<string>47F2753E1B57F5D400762A39</string>
				<string>4701C4851B6CF59D00A265C3</string>
				<string>470374401B6282C300BC74BD</string>
				<string>470374421B62860E00BC74BD</string>
				<string>471B9C7E1B5CF2E10035DEAA</string>
				<string>47FED60F1B6F8EA70055C7F4</string>
				<string>47F275411B57F5D400762A39</string>
				<string>47F275431B57F5D400762A39</string>
				<string>47F275391B57F5D400762A39</string>
				<string>47F275351B57F5D400762A39</string>
			</array>
			<key>isa</key>
			<string>PBXGroup</string>
			<key>path</key>
			<string>isu</string>
			<key>sourceTree</key>
			<string>&lt;group&gt;</string>
		</dict>
		<key>47F275351B57F5D400762A39</key>
		<dict>
			<key>children</key>
			<array>
				<string>47F275361B57F5D400762A39</string>
			</array>
			<key>isa</key>
			<string>PBXGroup</string>
			<key>name</key>
			<string>Supporting Files</string>
			<key>sourceTree</key>
			<string>&lt;group&gt;</string>
		</dict>
		<key>47F275361B57F5D400762A39</key>
		<dict>
			<key>isa</key>
			<string>PBXFileReference</string>
			<key>lastKnownFileType</key>
			<string>text.plist.xml</string>
			<key>path</key>
			<string>Info.plist</string>
			<key>sourceTree</key>
			<string>&lt;group&gt;</string>
		</dict>
		<key>47F275371B57F5D400762A39</key>
		<dict>
			<key>isa</key>
			<string>PBXFileReference</string>
			<key>lastKnownFileType</key>
			<string>sourcecode.swift</string>
			<key>path</key>
			<string>AppDelegate.swift</string>
			<key>sourceTree</key>
			<string>&lt;group&gt;</string>
		</dict>
		<key>47F275381B57F5D400762A39</key>
		<dict>
			<key>fileRef</key>
			<string>47F275371B57F5D400762A39</string>
			<key>isa</key>
			<string>PBXBuildFile</string>
		</dict>
		<key>47F275391B57F5D400762A39</key>
		<dict>
			<key>children</key>
			<array>
				<string>47F2753A1B57F5D400762A39</string>
			</array>
			<key>currentVersion</key>
			<string>47F2753A1B57F5D400762A39</string>
			<key>isa</key>
			<string>XCVersionGroup</string>
			<key>path</key>
			<string>isu.xcdatamodeld</string>
			<key>sourceTree</key>
			<string>&lt;group&gt;</string>
			<key>versionGroupType</key>
			<string>wrapper.xcdatamodel</string>
		</dict>
		<key>47F2753A1B57F5D400762A39</key>
		<dict>
			<key>isa</key>
			<string>PBXFileReference</string>
			<key>lastKnownFileType</key>
			<string>wrapper.xcdatamodel</string>
			<key>path</key>
			<string>isu.xcdatamodel</string>
			<key>sourceTree</key>
			<string>&lt;group&gt;</string>
		</dict>
		<key>47F2753B1B57F5D400762A39</key>
		<dict>
			<key>fileRef</key>
			<string>47F275391B57F5D400762A39</string>
			<key>isa</key>
			<string>PBXBuildFile</string>
		</dict>
		<key>47F2753C1B57F5D400762A39</key>
		<dict>
			<key>isa</key>
			<string>PBXFileReference</string>
			<key>lastKnownFileType</key>
			<string>sourcecode.swift</string>
			<key>path</key>
			<string>LoginViewController.swift</string>
			<key>sourceTree</key>
			<string>&lt;group&gt;</string>
		</dict>
		<key>47F2753D1B57F5D400762A39</key>
		<dict>
			<key>fileRef</key>
			<string>47F2753C1B57F5D400762A39</string>
			<key>isa</key>
			<string>PBXBuildFile</string>
		</dict>
		<key>47F2753E1B57F5D400762A39</key>
		<dict>
			<key>children</key>
			<array>
				<string>47F2753F1B57F5D400762A39</string>
			</array>
			<key>isa</key>
			<string>PBXVariantGroup</string>
			<key>name</key>
			<string>Main.storyboard</string>
			<key>sourceTree</key>
			<string>&lt;group&gt;</string>
		</dict>
		<key>47F2753F1B57F5D400762A39</key>
		<dict>
			<key>isa</key>
			<string>PBXFileReference</string>
			<key>lastKnownFileType</key>
			<string>file.storyboard</string>
			<key>name</key>
			<string>Base</string>
			<key>path</key>
			<string>Base.lproj/Main.storyboard</string>
			<key>sourceTree</key>
			<string>&lt;group&gt;</string>
		</dict>
		<key>47F275401B57F5D400762A39</key>
		<dict>
			<key>fileRef</key>
			<string>47F2753E1B57F5D400762A39</string>
			<key>isa</key>
			<string>PBXBuildFile</string>
		</dict>
		<key>47F275411B57F5D400762A39</key>
		<dict>
			<key>isa</key>
			<string>PBXFileReference</string>
			<key>lastKnownFileType</key>
			<string>folder.assetcatalog</string>
			<key>path</key>
			<string>Images.xcassets</string>
			<key>sourceTree</key>
			<string>&lt;group&gt;</string>
		</dict>
		<key>47F275421B57F5D400762A39</key>
		<dict>
			<key>fileRef</key>
			<string>47F275411B57F5D400762A39</string>
			<key>isa</key>
			<string>PBXBuildFile</string>
		</dict>
		<key>47F275431B57F5D400762A39</key>
		<dict>
			<key>children</key>
			<array>
				<string>47F275441B57F5D400762A39</string>
			</array>
			<key>isa</key>
			<string>PBXVariantGroup</string>
			<key>name</key>
			<string>LaunchScreen.xib</string>
			<key>sourceTree</key>
			<string>&lt;group&gt;</string>
		</dict>
		<key>47F275441B57F5D400762A39</key>
		<dict>
			<key>isa</key>
			<string>PBXFileReference</string>
			<key>lastKnownFileType</key>
			<string>file.xib</string>
			<key>name</key>
			<string>Base</string>
			<key>path</key>
			<string>Base.lproj/LaunchScreen.xib</string>
			<key>sourceTree</key>
			<string>&lt;group&gt;</string>
		</dict>
		<key>47F275451B57F5D400762A39</key>
		<dict>
			<key>fileRef</key>
			<string>47F275431B57F5D400762A39</string>
			<key>isa</key>
			<string>PBXBuildFile</string>
		</dict>
		<key>47F275461B57F5D400762A39</key>
		<dict>
			<key>buildActionMask</key>
			<string>2147483647</string>
			<key>files</key>
			<array>
				<string>47F275511B57F5D400762A39</string>
			</array>
			<key>isa</key>
			<string>PBXSourcesBuildPhase</string>
			<key>runOnlyForDeploymentPostprocessing</key>
			<string>0</string>
		</dict>
		<key>47F275471B57F5D400762A39</key>
		<dict>
			<key>buildActionMask</key>
			<string>2147483647</string>
			<key>files</key>
			<array/>
			<key>isa</key>
			<string>PBXFrameworksBuildPhase</string>
			<key>runOnlyForDeploymentPostprocessing</key>
			<string>0</string>
		</dict>
		<key>47F275481B57F5D400762A39</key>
		<dict>
			<key>buildActionMask</key>
			<string>2147483647</string>
			<key>files</key>
			<array/>
			<key>isa</key>
			<string>PBXResourcesBuildPhase</string>
			<key>runOnlyForDeploymentPostprocessing</key>
			<string>0</string>
		</dict>
		<key>47F275491B57F5D400762A39</key>
		<dict>
			<key>buildConfigurationList</key>
			<string>47F275571B57F5D400762A39</string>
			<key>buildPhases</key>
			<array>
				<string>47F275461B57F5D400762A39</string>
				<string>47F275471B57F5D400762A39</string>
				<string>47F275481B57F5D400762A39</string>
			</array>
			<key>buildRules</key>
			<array/>
			<key>dependencies</key>
			<array>
				<string>47F2754C1B57F5D400762A39</string>
			</array>
			<key>isa</key>
			<string>PBXNativeTarget</string>
			<key>name</key>
			<string>isuTests</string>
			<key>productName</key>
			<string>isuTests</string>
			<key>productReference</key>
			<string>47F2754A1B57F5D400762A39</string>
			<key>productType</key>
			<string>com.apple.product-type.bundle.unit-test</string>
		</dict>
		<key>47F2754A1B57F5D400762A39</key>
		<dict>
			<key>explicitFileType</key>
			<string>wrapper.cfbundle</string>
			<key>includeInIndex</key>
			<string>0</string>
			<key>isa</key>
			<string>PBXFileReference</string>
			<key>path</key>
			<string>isuTests.xctest</string>
			<key>sourceTree</key>
			<string>BUILT_PRODUCTS_DIR</string>
		</dict>
		<key>47F2754B1B57F5D400762A39</key>
		<dict>
			<key>containerPortal</key>
			<string>47F2752A1B57F5D400762A39</string>
			<key>isa</key>
			<string>PBXContainerItemProxy</string>
			<key>proxyType</key>
			<string>1</string>
			<key>remoteGlobalIDString</key>
			<string>47F275311B57F5D400762A39</string>
			<key>remoteInfo</key>
			<string>isu</string>
		</dict>
		<key>47F2754C1B57F5D400762A39</key>
		<dict>
			<key>isa</key>
			<string>PBXTargetDependency</string>
			<key>target</key>
			<string>47F275311B57F5D400762A39</string>
			<key>targetProxy</key>
			<string>47F2754B1B57F5D400762A39</string>
		</dict>
		<key>47F2754D1B57F5D400762A39</key>
		<dict>
			<key>children</key>
			<array>
				<string>47F275501B57F5D400762A39</string>
				<string>47F2754E1B57F5D400762A39</string>
			</array>
			<key>isa</key>
			<string>PBXGroup</string>
			<key>path</key>
			<string>isuTests</string>
			<key>sourceTree</key>
			<string>&lt;group&gt;</string>
		</dict>
		<key>47F2754E1B57F5D400762A39</key>
		<dict>
			<key>children</key>
			<array>
				<string>47F2754F1B57F5D400762A39</string>
			</array>
			<key>isa</key>
			<string>PBXGroup</string>
			<key>name</key>
			<string>Supporting Files</string>
			<key>sourceTree</key>
			<string>&lt;group&gt;</string>
		</dict>
		<key>47F2754F1B57F5D400762A39</key>
		<dict>
			<key>isa</key>
			<string>PBXFileReference</string>
			<key>lastKnownFileType</key>
			<string>text.plist.xml</string>
			<key>path</key>
			<string>Info.plist</string>
			<key>sourceTree</key>
			<string>&lt;group&gt;</string>
		</dict>
		<key>47F275501B57F5D400762A39</key>
		<dict>
			<key>isa</key>
			<string>PBXFileReference</string>
			<key>lastKnownFileType</key>
			<string>sourcecode.swift</string>
			<key>path</key>
			<string>isuTests.swift</string>
			<key>sourceTree</key>
			<string>&lt;group&gt;</string>
		</dict>
		<key>47F275511B57F5D400762A39</key>
		<dict>
			<key>fileRef</key>
			<string>47F275501B57F5D400762A39</string>
			<key>isa</key>
			<string>PBXBuildFile</string>
		</dict>
		<key>47F275521B57F5D400762A39</key>
		<dict>
			<key>buildSettings</key>
			<dict>
				<key>ALWAYS_SEARCH_USER_PATHS</key>
				<string>NO</string>
				<key>CLANG_CXX_LANGUAGE_STANDARD</key>
				<string>gnu++0x</string>
				<key>CLANG_CXX_LIBRARY</key>
				<string>libc++</string>
				<key>CLANG_ENABLE_MODULES</key>
				<string>YES</string>
				<key>CLANG_ENABLE_OBJC_ARC</key>
				<string>YES</string>
				<key>CLANG_WARN_BOOL_CONVERSION</key>
				<string>YES</string>
				<key>CLANG_WARN_CONSTANT_CONVERSION</key>
				<string>YES</string>
				<key>CLANG_WARN_DIRECT_OBJC_ISA_USAGE</key>
				<string>YES_ERROR</string>
				<key>CLANG_WARN_EMPTY_BODY</key>
				<string>YES</string>
				<key>CLANG_WARN_ENUM_CONVERSION</key>
				<string>YES</string>
				<key>CLANG_WARN_INT_CONVERSION</key>
				<string>YES</string>
				<key>CLANG_WARN_OBJC_ROOT_CLASS</key>
				<string>YES_ERROR</string>
				<key>CLANG_WARN_UNREACHABLE_CODE</key>
				<string>YES</string>
				<key>CLANG_WARN__DUPLICATE_METHOD_MATCH</key>
				<string>YES</string>
				<key>CODE_SIGN_IDENTITY[sdk=iphoneos*]</key>
				<string>iPhone Developer</string>
				<key>COPY_PHASE_STRIP</key>
				<string>NO</string>
				<key>ENABLE_STRICT_OBJC_MSGSEND</key>
				<string>YES</string>
				<key>ENABLE_TESTABILITY</key>
				<string>YES</string>
				<key>GCC_C_LANGUAGE_STANDARD</key>
				<string>gnu99</string>
				<key>GCC_DYNAMIC_NO_PIC</key>
				<string>NO</string>
				<key>GCC_OPTIMIZATION_LEVEL</key>
				<string>0</string>
				<key>GCC_PREPROCESSOR_DEFINITIONS</key>
				<array>
					<string>DEBUG=1</string>
					<string>$(inherited)</string>
				</array>
				<key>GCC_SYMBOLS_PRIVATE_EXTERN</key>
				<string>NO</string>
				<key>GCC_WARN_64_TO_32_BIT_CONVERSION</key>
				<string>YES</string>
				<key>GCC_WARN_ABOUT_RETURN_TYPE</key>
				<string>YES_ERROR</string>
				<key>GCC_WARN_UNDECLARED_SELECTOR</key>
				<string>YES</string>
				<key>GCC_WARN_UNINITIALIZED_AUTOS</key>
				<string>YES_AGGRESSIVE</string>
				<key>GCC_WARN_UNUSED_FUNCTION</key>
				<string>YES</string>
				<key>GCC_WARN_UNUSED_VARIABLE</key>
				<string>YES</string>
				<key>IPHONEOS_DEPLOYMENT_TARGET</key>
				<string>8.2</string>
				<key>MTL_ENABLE_DEBUG_INFO</key>
				<string>YES</string>
				<key>ONLY_ACTIVE_ARCH</key>
				<string>YES</string>
				<key>SDKROOT</key>
				<string>iphoneos</string>
				<key>SWIFT_OPTIMIZATION_LEVEL</key>
				<string>-Onone</string>
				<key>TARGETED_DEVICE_FAMILY</key>
				<string>1,2</string>
			</dict>
			<key>isa</key>
			<string>XCBuildConfiguration</string>
			<key>name</key>
			<string>Debug</string>
		</dict>
		<key>47F275531B57F5D400762A39</key>
		<dict>
			<key>buildSettings</key>
			<dict>
				<key>ALWAYS_SEARCH_USER_PATHS</key>
				<string>NO</string>
				<key>CLANG_CXX_LANGUAGE_STANDARD</key>
				<string>gnu++0x</string>
				<key>CLANG_CXX_LIBRARY</key>
				<string>libc++</string>
				<key>CLANG_ENABLE_MODULES</key>
				<string>YES</string>
				<key>CLANG_ENABLE_OBJC_ARC</key>
				<string>YES</string>
				<key>CLANG_WARN_BOOL_CONVERSION</key>
				<string>YES</string>
				<key>CLANG_WARN_CONSTANT_CONVERSION</key>
				<string>YES</string>
				<key>CLANG_WARN_DIRECT_OBJC_ISA_USAGE</key>
				<string>YES_ERROR</string>
				<key>CLANG_WARN_EMPTY_BODY</key>
				<string>YES</string>
				<key>CLANG_WARN_ENUM_CONVERSION</key>
				<string>YES</string>
				<key>CLANG_WARN_INT_CONVERSION</key>
				<string>YES</string>
				<key>CLANG_WARN_OBJC_ROOT_CLASS</key>
				<string>YES_ERROR</string>
				<key>CLANG_WARN_UNREACHABLE_CODE</key>
				<string>YES</string>
				<key>CLANG_WARN__DUPLICATE_METHOD_MATCH</key>
				<string>YES</string>
				<key>CODE_SIGN_IDENTITY[sdk=iphoneos*]</key>
				<string>iPhone Developer</string>
				<key>COPY_PHASE_STRIP</key>
				<string>NO</string>
				<key>ENABLE_NS_ASSERTIONS</key>
				<string>NO</string>
				<key>ENABLE_STRICT_OBJC_MSGSEND</key>
				<string>YES</string>
				<key>GCC_C_LANGUAGE_STANDARD</key>
				<string>gnu99</string>
				<key>GCC_WARN_64_TO_32_BIT_CONVERSION</key>
				<string>YES</string>
				<key>GCC_WARN_ABOUT_RETURN_TYPE</key>
				<string>YES_ERROR</string>
				<key>GCC_WARN_UNDECLARED_SELECTOR</key>
				<string>YES</string>
				<key>GCC_WARN_UNINITIALIZED_AUTOS</key>
				<string>YES_AGGRESSIVE</string>
				<key>GCC_WARN_UNUSED_FUNCTION</key>
				<string>YES</string>
				<key>GCC_WARN_UNUSED_VARIABLE</key>
				<string>YES</string>
				<key>IPHONEOS_DEPLOYMENT_TARGET</key>
				<string>8.2</string>
				<key>MTL_ENABLE_DEBUG_INFO</key>
				<string>NO</string>
				<key>SDKROOT</key>
				<string>iphoneos</string>
				<key>TARGETED_DEVICE_FAMILY</key>
				<string>1,2</string>
				<key>VALIDATE_PRODUCT</key>
				<string>YES</string>
			</dict>
			<key>isa</key>
			<string>XCBuildConfiguration</string>
			<key>name</key>
			<string>Release</string>
		</dict>
		<key>47F275541B57F5D400762A39</key>
		<dict>
			<key>buildConfigurations</key>
			<array>
				<string>47F275551B57F5D400762A39</string>
				<string>47F275561B57F5D400762A39</string>
			</array>
			<key>defaultConfigurationIsVisible</key>
			<string>0</string>
			<key>defaultConfigurationName</key>
			<string>Release</string>
			<key>isa</key>
			<string>XCConfigurationList</string>
		</dict>
		<key>47F275551B57F5D400762A39</key>
		<dict>
			<key>baseConfigurationReference</key>
			<string>CC064929E1CB283E2E5D5F01</string>
			<key>buildSettings</key>
			<dict>
				<key>ASSETCATALOG_COMPILER_APPICON_NAME</key>
				<string>AppIcon</string>
				<key>INFOPLIST_FILE</key>
				<string>isu/Info.plist</string>
				<key>LD_RUNPATH_SEARCH_PATHS</key>
				<string>$(inherited) @executable_path/Frameworks</string>
				<key>PRODUCT_BUNDLE_IDENTIFIER</key>
				<string>com.phantom.$(PRODUCT_NAME:rfc1034identifier)</string>
				<key>PRODUCT_NAME</key>
				<string>$(TARGET_NAME)</string>
			</dict>
			<key>isa</key>
			<string>XCBuildConfiguration</string>
			<key>name</key>
			<string>Debug</string>
		</dict>
		<key>47F275561B57F5D400762A39</key>
		<dict>
			<key>baseConfigurationReference</key>
			<string>AA5D3543E59ACE7942F6B0F2</string>
			<key>buildSettings</key>
			<dict>
				<key>ASSETCATALOG_COMPILER_APPICON_NAME</key>
				<string>AppIcon</string>
				<key>INFOPLIST_FILE</key>
				<string>isu/Info.plist</string>
				<key>LD_RUNPATH_SEARCH_PATHS</key>
				<string>$(inherited) @executable_path/Frameworks</string>
				<key>PRODUCT_BUNDLE_IDENTIFIER</key>
				<string>com.phantom.$(PRODUCT_NAME:rfc1034identifier)</string>
				<key>PRODUCT_NAME</key>
				<string>$(TARGET_NAME)</string>
			</dict>
			<key>isa</key>
			<string>XCBuildConfiguration</string>
			<key>name</key>
			<string>Release</string>
		</dict>
		<key>47F275571B57F5D400762A39</key>
		<dict>
			<key>buildConfigurations</key>
			<array>
				<string>47F275581B57F5D400762A39</string>
				<string>47F275591B57F5D400762A39</string>
			</array>
			<key>defaultConfigurationIsVisible</key>
			<string>0</string>
			<key>defaultConfigurationName</key>
			<string>Release</string>
			<key>isa</key>
			<string>XCConfigurationList</string>
		</dict>
		<key>47F275581B57F5D400762A39</key>
		<dict>
			<key>buildSettings</key>
			<dict>
				<key>BUNDLE_LOADER</key>
				<string>$(TEST_HOST)</string>
				<key>FRAMEWORK_SEARCH_PATHS</key>
				<array>
					<string>$(SDKROOT)/Developer/Library/Frameworks</string>
					<string>$(inherited)</string>
				</array>
				<key>GCC_PREPROCESSOR_DEFINITIONS</key>
				<array>
					<string>DEBUG=1</string>
					<string>$(inherited)</string>
				</array>
				<key>INFOPLIST_FILE</key>
				<string>isuTests/Info.plist</string>
				<key>LD_RUNPATH_SEARCH_PATHS</key>
				<string>$(inherited) @executable_path/Frameworks @loader_path/Frameworks</string>
				<key>PRODUCT_BUNDLE_IDENTIFIER</key>
				<string>com.phantom.$(PRODUCT_NAME:rfc1034identifier)</string>
				<key>PRODUCT_NAME</key>
				<string>$(TARGET_NAME)</string>
				<key>TEST_HOST</key>
				<string>$(BUILT_PRODUCTS_DIR)/isu.app/isu</string>
			</dict>
			<key>isa</key>
			<string>XCBuildConfiguration</string>
			<key>name</key>
			<string>Debug</string>
		</dict>
		<key>47F275591B57F5D400762A39</key>
		<dict>
			<key>buildSettings</key>
			<dict>
				<key>BUNDLE_LOADER</key>
				<string>$(TEST_HOST)</string>
				<key>FRAMEWORK_SEARCH_PATHS</key>
				<array>
					<string>$(SDKROOT)/Developer/Library/Frameworks</string>
					<string>$(inherited)</string>
				</array>
				<key>INFOPLIST_FILE</key>
				<string>isuTests/Info.plist</string>
				<key>LD_RUNPATH_SEARCH_PATHS</key>
				<string>$(inherited) @executable_path/Frameworks @loader_path/Frameworks</string>
				<key>PRODUCT_BUNDLE_IDENTIFIER</key>
				<string>com.phantom.$(PRODUCT_NAME:rfc1034identifier)</string>
				<key>PRODUCT_NAME</key>
				<string>$(TARGET_NAME)</string>
				<key>TEST_HOST</key>
				<string>$(BUILT_PRODUCTS_DIR)/isu.app/isu</string>
			</dict>
			<key>isa</key>
			<string>XCBuildConfiguration</string>
			<key>name</key>
			<string>Release</string>
		</dict>
		<key>47FED60F1B6F8EA70055C7F4</key>
		<dict>
			<key>fileEncoding</key>
			<string>4</string>
			<key>isa</key>
			<string>PBXFileReference</string>
			<key>lastKnownFileType</key>
			<string>sourcecode.swift</string>
			<key>path</key>
			<string>SemesterTableViewController.swift</string>
			<key>sourceTree</key>
			<string>&lt;group&gt;</string>
		</dict>
		<key>47FED6101B6F8EA70055C7F4</key>
		<dict>
			<key>fileRef</key>
			<string>47FED60F1B6F8EA70055C7F4</string>
			<key>isa</key>
			<string>PBXBuildFile</string>
		</dict>
		<key>47FED6131B6F9D0A0055C7F4</key>
		<dict>
			<key>fileEncoding</key>
			<string>4</string>
			<key>isa</key>
			<string>PBXFileReference</string>
			<key>lastKnownFileType</key>
			<string>sourcecode.swift</string>
			<key>name</key>
			<string>DisciplineViewController.swift</string>
			<key>path</key>
			<string>../DisciplineViewController.swift</string>
			<key>sourceTree</key>
			<string>&lt;group&gt;</string>
		</dict>
		<key>47FED6141B6F9D0A0055C7F4</key>
		<dict>
			<key>fileRef</key>
			<string>47FED6131B6F9D0A0055C7F4</string>
			<key>isa</key>
			<string>PBXBuildFile</string>
		</dict>
		<key>50FD761AA38A4BF4D2B11D4A</key>
		<dict>
			<key>buildActionMask</key>
			<string>2147483647</string>
			<key>files</key>
			<array/>
			<key>inputPaths</key>
			<array/>
			<key>isa</key>
			<string>PBXShellScriptBuildPhase</string>
			<key>name</key>
			<string>Embed Pods Frameworks</string>
			<key>outputPaths</key>
			<array/>
			<key>runOnlyForDeploymentPostprocessing</key>
			<string>0</string>
			<key>shellPath</key>
			<string>/bin/sh</string>
			<key>shellScript</key>
			<string>"${SRCROOT}/Pods/Target Support Files/Pods-isu/Pods-isu-frameworks.sh"
</string>
			<key>showEnvVarsInLog</key>
			<string>0</string>
		</dict>
		<key>55D5404453F1B099590E65DC</key>
		<dict>
			<key>explicitFileType</key>
			<string>wrapper.framework</string>
			<key>includeInIndex</key>
			<string>0</string>
			<key>isa</key>
			<string>PBXFileReference</string>
			<key>path</key>
			<string>Pods_isu.framework</string>
			<key>sourceTree</key>
			<string>BUILT_PRODUCTS_DIR</string>
		</dict>
		<key>765499E247497F0A641FC0F7</key>
		<dict>
			<key>children</key>
			<array>
				<string>55D5404453F1B099590E65DC</string>
			</array>
			<key>isa</key>
			<string>PBXGroup</string>
			<key>name</key>
			<string>Frameworks</string>
			<key>sourceTree</key>
			<string>&lt;group&gt;</string>
		</dict>
		<key>81459053E479036443E6FB32</key>
		<dict>
			<key>children</key>
			<array>
				<string>CC064929E1CB283E2E5D5F01</string>
				<string>AA5D3543E59ACE7942F6B0F2</string>
			</array>
			<key>isa</key>
			<string>PBXGroup</string>
			<key>name</key>
			<string>Pods</string>
			<key>sourceTree</key>
			<string>&lt;group&gt;</string>
		</dict>
		<key>8F704CEF28F1B0E81C613434</key>
		<dict>
			<key>buildActionMask</key>
			<string>2147483647</string>
			<key>files</key>
			<array/>
			<key>inputPaths</key>
			<array/>
			<key>isa</key>
			<string>PBXShellScriptBuildPhase</string>
			<key>name</key>
			<string>Copy Pods Resources</string>
			<key>outputPaths</key>
			<array/>
			<key>runOnlyForDeploymentPostprocessing</key>
			<string>0</string>
			<key>shellPath</key>
			<string>/bin/sh</string>
			<key>shellScript</key>
			<string>"${SRCROOT}/Pods/Target Support Files/Pods-isu/Pods-isu-resources.sh"
</string>
			<key>showEnvVarsInLog</key>
			<string>0</string>
		</dict>
		<key>AA5D3543E59ACE7942F6B0F2</key>
		<dict>
			<key>includeInIndex</key>
			<string>1</string>
			<key>isa</key>
			<string>PBXFileReference</string>
			<key>lastKnownFileType</key>
			<string>text.xcconfig</string>
			<key>name</key>
			<string>Pods-isu.release.xcconfig</string>
			<key>path</key>
			<string>Pods/Target Support Files/Pods-isu/Pods-isu.release.xcconfig</string>
			<key>sourceTree</key>
			<string>&lt;group&gt;</string>
		</dict>
		<key>ABE6189F6D148DFA44AFDA70</key>
		<dict>
			<key>fileRef</key>
			<string>55D5404453F1B099590E65DC</string>
			<key>isa</key>
			<string>PBXBuildFile</string>
		</dict>
		<key>CC064929E1CB283E2E5D5F01</key>
		<dict>
			<key>includeInIndex</key>
			<string>1</string>
			<key>isa</key>
			<string>PBXFileReference</string>
			<key>lastKnownFileType</key>
			<string>text.xcconfig</string>
			<key>name</key>
			<string>Pods-isu.debug.xcconfig</string>
			<key>path</key>
			<string>Pods/Target Support Files/Pods-isu/Pods-isu.debug.xcconfig</string>
			<key>sourceTree</key>
			<string>&lt;group&gt;</string>
		</dict>
	</dict>
	<key>rootObject</key>
	<string>47F2752A1B57F5D400762A39</string>
</dict>
</plist>
